{
  "nodes": {
    "cavekit-src": {
      "flake": false,
      "locked": {
        "lastModified": 1776687932,
        "narHash": "sha256-GOyHS+iYfOo79gm7rpFgL0mTf07+FjUa8T93MsRBMCk=",
        "owner": "JuliusBrussee",
        "repo": "cavekit",
        "rev": "028643f913996cfe1c59f261627d167d4ab5477f",
        "type": "github"
      },
      "original": {
        "owner": "JuliusBrussee",
        "repo": "cavekit",
        "type": "github"
      }
    },
    "nix-cavekit": {
      "inputs": {
        "cavekit-src": "cavekit-src",
        "nix-dev-shell-agentic-stub": "nix-dev-shell-agentic-stub",
        "nix-lefthook-git-conflict-markers": "nix-lefthook-git-conflict-markers",
        "nix-lefthook-git-no-local-paths": "nix-lefthook-git-no-local-paths",
        "nix-lefthook-missing-final-newline": "nix-lefthook-missing-final-newline",
        "nix-lefthook-nix-no-embedded-shell": "nix-lefthook-nix-no-embedded-shell",
        "nix-lefthook-statix": "nix-lefthook-statix",
        "nix-lefthook-trailing-whitespace": "nix-lefthook-trailing-whitespace",
        "nixpkgs": [
          "nix-dev-shell-agentic",
          "nixpkgs"
        ]
      },
      "locked": {
        "lastModified": 1777701279,
        "narHash": "sha256-vNfIwPNhkEBJ0ZhGPMAnPS3SdyzoHUYPQYexQGnULpE=",
        "owner": "pr0d1r2",
        "repo": "nix-cavekit",
        "rev": "1d4b01583a023789bd297499a90e7a2a52444265",
        "type": "github"
      },
      "original": {
        "owner": "pr0d1r2",
        "repo": "nix-cavekit",
        "type": "github"
      }
    },
    "nix-cavemem": {
      "inputs": {
        "nix-dev-shell-agentic-stub": "nix-dev-shell-agentic-stub_2",
        "nix-lefthook-git-conflict-markers": "nix-lefthook-git-conflict-markers_2",
        "nix-lefthook-git-no-local-paths": "nix-lefthook-git-no-local-paths_2",
        "nix-lefthook-missing-final-newline": "nix-lefthook-missing-final-newline_2",
        "nix-lefthook-nix-no-embedded-shell": "nix-lefthook-nix-no-embedded-shell_2",
        "nix-lefthook-statix": "nix-lefthook-statix_2",
        "nix-lefthook-trailing-whitespace": "nix-lefthook-trailing-whitespace_2",
        "nixpkgs": [
          "nix-dev-shell-agentic",
          "nixpkgs"
        ]
      },
      "locked": {
        "lastModified": 1777706265,
        "narHash": "sha256-+5R1raajibqfBDjM/w2QyanSIf34TzvwXnHf9IkSojo=",
        "owner": "pr0d1r2",
        "repo": "nix-cavemem",
        "rev": "3e16789f1fd10c72e00b499db0db656e2578e7f7",
        "type": "github"
      },
      "original": {
        "owner": "pr0d1r2",
        "repo": "nix-cavemem",
        "type": "github"
      }
    },
    "nix-dev-shell-agentic": {
      "inputs": {
        "nix-cavekit": "nix-cavekit",
        "nix-cavemem": "nix-cavemem",
        "nix-lefthook": "nix-lefthook",
        "nix-lefthook-ascii-only-src": "nix-lefthook-ascii-only-src",
        "nix-lefthook-deadnix-src": "nix-lefthook-deadnix-src_2",
        "nix-lefthook-editorconfig-checker-src": "nix-lefthook-editorconfig-checker-src_2",
        "nix-lefthook-execute-permissions-src": "nix-lefthook-execute-permissions-src",
        "nix-lefthook-file-size-check-src": "nix-lefthook-file-size-check-src",
        "nix-lefthook-git-conflict-markers-src": "nix-lefthook-git-conflict-markers-src_2",
        "nix-lefthook-git-no-local-paths-src": "nix-lefthook-git-no-local-paths-src_2",
        "nix-lefthook-gitleaks-src": "nix-lefthook-gitleaks-src_2",
        "nix-lefthook-markdownlint-src": "nix-lefthook-markdownlint-src",
        "nix-lefthook-missing-final-newline-src": "nix-lefthook-missing-final-newline-src_2",
        "nix-lefthook-nix-no-embedded-shell-src": "nix-lefthook-nix-no-embedded-shell-src_2",
        "nix-lefthook-nixfmt-src": "nix-lefthook-nixfmt-src_2",
        "nix-lefthook-shellcheck-src": "nix-lefthook-shellcheck-src_2",
        "nix-lefthook-shfmt-src": "nix-lefthook-shfmt-src_2",
        "nix-lefthook-statix-src": "nix-lefthook-statix-src_2",
        "nix-lefthook-tdd-order-bats-src": "nix-lefthook-tdd-order-bats-src",
        "nix-lefthook-trailing-whitespace-src": "nix-lefthook-trailing-whitespace-src_2",
        "nix-lefthook-typos-src": "nix-lefthook-typos-src_2",
        "nix-lefthook-unicode-lint-src": "nix-lefthook-unicode-lint-src",
        "nix-lefthook-yamllint-src": "nix-lefthook-yamllint-src_2",
        "nixpkgs": [
          "nixpkgs"
        ],
        "rtk-src": "rtk-src"
      },
      "locked": {
        "lastModified": 1780736450,
        "narHash": "sha256-Wwxefpf0tsGhf/1MIX+moeu1yRl5XSHIIRsPl8irLwc=",
        "owner": "pr0d1r2",
        "repo": "nix-dev-shell-agentic",
        "rev": "8075a929ca43b0c95225c3538ba7aba36c835ca8",
        "type": "github"
      },
      "original": {
        "owner": "pr0d1r2",
        "repo": "nix-dev-shell-agentic",
        "type": "github"
      }
    },
    "nix-dev-shell-agentic-stub": {
      "flake": false,
      "locked": {
        "lastModified": 1777625276,
        "narHash": "sha256-J/aoCai96LmWy6iCO+6MoRj+bjaQbyy6nO2Ji/BKKwc=",
        "owner": "pr0d1r2",
        "repo": "nix-dev-shell-agentic",
        "rev": "88162818f02debe57356e0d9b6d96bcc88630758",
        "type": "github"
      },
      "original": {
        "owner": "pr0d1r2",
        "repo": "nix-dev-shell-agentic",
        "type": "github"
      }
    },
    "nix-dev-shell-agentic-stub_2": {
      "flake": false,
      "locked": {
        "lastModified": 1777625276,
        "narHash": "sha256-J/aoCai96LmWy6iCO+6MoRj+bjaQbyy6nO2Ji/BKKwc=",
        "owner": "pr0d1r2",
        "repo": "nix-dev-shell-agentic",
        "rev": "88162818f02debe57356e0d9b6d96bcc88630758",
        "type": "github"
      },
      "original": {
        "owner": "pr0d1r2",
        "repo": "nix-dev-shell-agentic",
        "type": "github"
      }
    },
    "nix-lefthook": {
      "inputs": {
        "nix-lefthook-deadnix-src": "nix-lefthook-deadnix-src",
        "nix-lefthook-editorconfig-checker-src": "nix-lefthook-editorconfig-checker-src",
        "nix-lefthook-git-conflict-markers-src": "nix-lefthook-git-conflict-markers-src",
        "nix-lefthook-git-no-local-paths-src": "nix-lefthook-git-no-local-paths-src",
        "nix-lefthook-gitleaks-src": "nix-lefthook-gitleaks-src",
        "nix-lefthook-markdownlint-agentic-src": "nix-lefthook-markdownlint-agentic-src",
        "nix-lefthook-missing-final-newline-src": "nix-lefthook-missing-final-newline-src",
        "nix-lefthook-nix-no-embedded-shell-src": "nix-lefthook-nix-no-embedded-shell-src",
        "nix-lefthook-nixfmt-src": "nix-lefthook-nixfmt-src",
        "nix-lefthook-shellcheck-src": "nix-lefthook-shellcheck-src",
        "nix-lefthook-shfmt-src": "nix-lefthook-shfmt-src",
        "nix-lefthook-statix-src": "nix-lefthook-statix-src",
        "nix-lefthook-taplo-src": "nix-lefthook-taplo-src",
        "nix-lefthook-trailing-whitespace-src": "nix-lefthook-trailing-whitespace-src",
        "nix-lefthook-typos-src": "nix-lefthook-typos-src",
        "nix-lefthook-yamllint-src": "nix-lefthook-yamllint-src",
        "nixpkgs": [
          "nix-dev-shell-agentic",
          "nixpkgs"
        ]
      },
      "locked": {
        "lastModified": 1780735618,
        "narHash": "sha256-NEf4vVgRF+1fpQ2Pc8D+0bG5YlMRGSUKUlNcvQXERsc=",
        "owner": "pr0d1r2",
        "repo": "nix-lefthook",
        "rev": "ccae5137398e15c087995e1e93cc1e7d38bdcd30",
        "type": "github"
      },
      "original": {
        "owner": "pr0d1r2",
        "repo": "nix-lefthook",
        "type": "github"
      }
    },
    "nix-lefthook-ascii-only-src": {
      "flake": false,
      "locked": {
        "lastModified": 1778402841,
        "narHash": "sha256-HvB49Bortr467lgc3MaABdj6nqcmRfKU6I2aYSNxYRo=",
        "owner": "pr0d1r2",
        "repo": "nix-lefthook-ascii-only",
        "rev": "0f2f2c051789cf7c907605d44ed0bd58a5cb159b",
        "type": "github"
      },
      "original": {
        "owner": "pr0d1r2",
        "repo": "nix-lefthook-ascii-only",
        "type": "github"
      }
    },
    "nix-lefthook-deadnix-src": {
      "flake": false,
      "locked": {
        "lastModified": 1778738106,
        "narHash": "sha256-AMSdSjQkkzfxr4mfu/alb6I9R5pax/j3xtsVtcIaUyY=",
        "owner": "pr0d1r2",
        "repo": "nix-lefthook-deadnix",
        "rev": "a863ef41280468b97d1a5397605e3b214a54e147",
        "type": "github"
      },
      "original": {
        "owner": "pr0d1r2",
        "repo": "nix-lefthook-deadnix",
        "type": "github"
      }
    },
    "nix-lefthook-deadnix-src_2": {
      "flake": false,
      "locked": {
        "lastModified": 1778318821,
        "narHash": "sha256-MwLnSr9vCdqVgmKosr/Tx3sOCLg62GeRwllDdjyiGAc=",
        "owner": "pr0d1r2",
        "repo": "nix-lefthook-deadnix",
        "rev": "8e991fcff2ded63abf944997af53f7b8fe0805a8",
        "type": "github"
      },
      "original": {
        "owner": "pr0d1r2",
        "repo": "nix-lefthook-deadnix",
        "type": "github"
      }
    },
    "nix-lefthook-editorconfig-checker-src": {
      "flake": false,
      "locked": {
        "lastModified": 1778738137,
        "narHash": "sha256-+4j2yEeuu+Z2ylf5ZEEooWpgph3KDCeAgZVebWO6ZWM=",
        "owner": "pr0d1r2",
        "repo": "nix-lefthook-editorconfig-checker",
        "rev": "b747a6f5ef4fe9ffe914a61f7122a3ff663cdbbe",
        "type": "github"
      },
      "original": {
        "owner": "pr0d1r2",
        "repo": "nix-lefthook-editorconfig-checker",
        "type": "github"
      }
    },
    "nix-lefthook-editorconfig-checker-src_2": {
      "flake": false,
      "locked": {
        "lastModified": 1778318799,
        "narHash": "sha256-DjJLDJlAFPuIENx5mj5n/TJI1+xLTpUD0Nol2yE+XrM=",
        "owner": "pr0d1r2",
        "repo": "nix-lefthook-editorconfig-checker",
        "rev": "b78e57fb1b6199819eca17dd74c3dc6c54352426",
        "type": "github"
      },
      "original": {
        "owner": "pr0d1r2",
        "repo": "nix-lefthook-editorconfig-checker",
        "type": "github"
      }
    },
    "nix-lefthook-execute-permissions-src": {
      "flake": false,
      "locked": {
        "lastModified": 1778398645,
        "narHash": "sha256-CGIifsKNYo0juxV7B0Cx2jolVrPlPOvD3hC+MY/cdv8=",
        "owner": "pr0d1r2",
        "repo": "nix-lefthook-execute-permissions",
        "rev": "4f19c4c47a0eb45024a9e21baeff0aed355c97cd",
        "type": "github"
      },
      "original": {
        "owner": "pr0d1r2",
        "repo": "nix-lefthook-execute-permissions",
        "type": "github"
      }
    },
    "nix-lefthook-file-size-check-src": {
      "flake": false,
      "locked": {
        "lastModified": 1778398344,
        "narHash": "sha256-/D9WC/1rFMgn7txc1Axj9aXd0aBBRZhP8jTYyh+jYus=",
        "owner": "pr0d1r2",
        "repo": "nix-lefthook-file-size-check",
        "rev": "abeebfc6c275eb6fa043d6259761f142cbf9a050",
        "type": "github"
      },
      "original": {
        "owner": "pr0d1r2",
        "repo": "nix-lefthook-file-size-check",
        "type": "github"
      }
    },
    "nix-lefthook-git-conflict-markers": {
      "inputs": {
        "nix-dev-shell-agentic": [
          "nix-dev-shell-agentic",
          "nix-cavekit",
          "nix-dev-shell-agentic-stub"
        ],
        "nix-lefthook-git-no-local-paths": [
          "nix-dev-shell-agentic",
          "nix-cavekit",
          "nix-lefthook-git-no-local-paths"
        ],
        "nix-lefthook-missing-final-newline": [
          "nix-dev-shell-agentic",
          "nix-cavekit",
          "nix-lefthook-missing-final-newline"
        ],
        "nix-lefthook-nix-no-embedded-shell": [
          "nix-dev-shell-agentic",
          "nix-cavekit",
          "nix-lefthook-nix-no-embedded-shell"
        ],
        "nix-lefthook-statix": [
          "nix-dev-shell-agentic",
          "nix-cavekit",
          "nix-lefthook-statix"
        ],
        "nix-lefthook-trailing-whitespace": [
          "nix-dev-shell-agentic",
          "nix-cavekit",
          "nix-lefthook-trailing-whitespace"
        ],
        "nixpkgs": [
          "nix-dev-shell-agentic",
          "nix-cavekit",
          "nixpkgs"
        ]
      },
      "locked": {
        "lastModified": 1777629182,
        "narHash": "sha256-7ljdAhUz/RDCg1VGVa3DMQhXtbg9ePgEvqgOrRsD0Qg=",
        "owner": "pr0d1r2",
        "repo": "nix-lefthook-git-conflict-markers",
        "rev": "d0577040f8b7516659e7f6dcdabae55fa9a94630",
        "type": "github"
      },
      "original": {
        "owner": "pr0d1r2",
        "repo": "nix-lefthook-git-conflict-markers",
        "type": "github"
      }
    },
    "nix-lefthook-git-conflict-markers-src": {
      "flake": false,
      "locked": {
        "lastModified": 1778738196,
        "narHash": "sha256-35lwyRd3sch3iKGKVN+KW21W4yOwWdZV7IlyrK2LA3w=",
        "owner": "pr0d1r2",
        "repo": "nix-lefthook-git-conflict-markers",
        "rev": "a74e1044189f37dd210c66868e4021f566748e75",
        "type": "github"
      },
      "original": {
        "owner": "pr0d1r2",
        "repo": "nix-lefthook-git-conflict-markers",
        "type": "github"
      }
    },
    "nix-lefthook-git-conflict-markers-src_2": {
      "flake": false,
      "locked": {
        "lastModified": 1777715579,
        "narHash": "sha256-eAX7212Grpt4wrqO70ujuDt8iP7+Wtco3DT6jsFnwBU=",
        "owner": "pr0d1r2",
        "repo": "nix-lefthook-git-conflict-markers",
        "rev": "f423458bbe6d97276231e31b4290732ddc2080bc",
        "type": "github"
      },
      "original": {
        "owner": "pr0d1r2",
        "repo": "nix-lefthook-git-conflict-markers",
        "type": "github"
      }
    },
    "nix-lefthook-git-conflict-markers_2": {
      "inputs": {
        "nix-dev-shell-agentic": [
          "nix-dev-shell-agentic",
          "nix-cavemem",
          "nix-dev-shell-agentic-stub"
        ],
        "nix-lefthook-git-no-local-paths": [
          "nix-dev-shell-agentic",
          "nix-cavemem",
          "nix-lefthook-git-no-local-paths"
        ],
        "nix-lefthook-missing-final-newline": [
          "nix-dev-shell-agentic",
          "nix-cavemem",
          "nix-lefthook-missing-final-newline"
        ],
        "nix-lefthook-nix-no-embedded-shell": [
          "nix-dev-shell-agentic",
          "nix-cavemem",
          "nix-lefthook-nix-no-embedded-shell"
        ],
        "nix-lefthook-statix": [
          "nix-dev-shell-agentic",
          "nix-cavemem",
          "nix-lefthook-statix"
        ],
        "nix-lefthook-trailing-whitespace": [
          "nix-dev-shell-agentic",
          "nix-cavemem",
          "nix-lefthook-trailing-whitespace"
        ],
        "nixpkgs": [
          "nix-dev-shell-agentic",
          "nix-cavemem",
          "nixpkgs"
        ]
      },
      "locked": {
        "lastModified": 1777629182,
        "narHash": "sha256-7ljdAhUz/RDCg1VGVa3DMQhXtbg9ePgEvqgOrRsD0Qg=",
        "owner": "pr0d1r2",
        "repo": "nix-lefthook-git-conflict-markers",
        "rev": "d0577040f8b7516659e7f6dcdabae55fa9a94630",
        "type": "github"
      },
      "original": {
        "owner": "pr0d1r2",
        "repo": "nix-lefthook-git-conflict-markers",
        "type": "github"
      }
    },
    "nix-lefthook-git-no-local-paths": {
      "inputs": {
        "nix-dev-shell-agentic": [
          "nix-dev-shell-agentic",
          "nix-cavekit",
          "nix-dev-shell-agentic-stub"
        ],
        "nix-lefthook-git-conflict-markers": [
          "nix-dev-shell-agentic",
          "nix-cavekit",
          "nix-lefthook-git-conflict-markers"
        ],
        "nix-lefthook-missing-final-newline": [
          "nix-dev-shell-agentic",
          "nix-cavekit",
          "nix-lefthook-missing-final-newline"
        ],
        "nix-lefthook-nix-no-embedded-shell": [
          "nix-dev-shell-agentic",
          "nix-cavekit",
          "nix-lefthook-nix-no-embedded-shell"
        ],
        "nix-lefthook-statix": [
          "nix-dev-shell-agentic",
          "nix-cavekit",
          "nix-lefthook-statix"
        ],
        "nix-lefthook-trailing-whitespace": [
          "nix-dev-shell-agentic",
          "nix-cavekit",
          "nix-lefthook-trailing-whitespace"
        ],
        "nixpkgs": [
          "nix-dev-shell-agentic",
          "nix-cavekit",
          "nixpkgs"
        ]
      },
      "locked": {
        "lastModified": 1777629136,
        "narHash": "sha256-3b/5Kan4cSk4cMfVhbRyrYVnJXzfx89ArtruU/ur13Q=",
        "owner": "pr0d1r2",
        "repo": "nix-lefthook-git-no-local-paths",
        "rev": "cb01ea260b6040bce672d410d06ba81025d50d84",
        "type": "github"
      },
      "original": {
        "owner": "pr0d1r2",
        "repo": "nix-lefthook-git-no-local-paths",
        "type": "github"
      }
    },
    "nix-lefthook-git-no-local-paths-src": {
      "flake": false,
      "locked": {
        "lastModified": 1778738211,
        "narHash": "sha256-nj70pRzKg2Olcra2Asr8hbsXRZ9O8dsavIYsfZUratQ=",
        "owner": "pr0d1r2",
        "repo": "nix-lefthook-git-no-local-paths",
        "rev": "093c7d64e6e523a73fdc3517cbb79bd910d8c30f",
        "type": "github"
      },
      "original": {
        "owner": "pr0d1r2",
        "repo": "nix-lefthook-git-no-local-paths",
        "type": "github"
      }
    },
    "nix-lefthook-git-no-local-paths-src_2": {
      "flake": false,
      "locked": {
        "lastModified": 1778387573,
        "narHash": "sha256-3O4zVX8UfPp7zrRyoiBD4h65/RPJ7rPx0PDvpw0BkTU=",
        "owner": "pr0d1r2",
        "repo": "nix-lefthook-git-no-local-paths",
        "rev": "ade07194dec08832e5c14f2e239e25146cec8215",
        "type": "github"
      },
      "original": {
        "owner": "pr0d1r2",
        "repo": "nix-lefthook-git-no-local-paths",
        "type": "github"
      }
    },
    "nix-lefthook-git-no-local-paths_2": {
      "inputs": {
        "nix-dev-shell-agentic": [
          "nix-dev-shell-agentic",
          "nix-cavemem",
          "nix-dev-shell-agentic-stub"
        ],
        "nix-lefthook-git-conflict-markers": [
          "nix-dev-shell-agentic",
          "nix-cavemem",
          "nix-lefthook-git-conflict-markers"
        ],
        "nix-lefthook-missing-final-newline": [
          "nix-dev-shell-agentic",
          "nix-cavemem",
          "nix-lefthook-missing-final-newline"
        ],
        "nix-lefthook-nix-no-embedded-shell": [
          "nix-dev-shell-agentic",
          "nix-cavemem",
          "nix-lefthook-nix-no-embedded-shell"
        ],
        "nix-lefthook-statix": [
          "nix-dev-shell-agentic",
          "nix-cavemem",
          "nix-lefthook-statix"
        ],
        "nix-lefthook-trailing-whitespace": [
          "nix-dev-shell-agentic",
          "nix-cavemem",
          "nix-lefthook-trailing-whitespace"
        ],
        "nixpkgs": [
          "nix-dev-shell-agentic",
          "nix-cavemem",
          "nixpkgs"
        ]
      },
      "locked": {
        "lastModified": 1777629136,
        "narHash": "sha256-3b/5Kan4cSk4cMfVhbRyrYVnJXzfx89ArtruU/ur13Q=",
        "owner": "pr0d1r2",
        "repo": "nix-lefthook-git-no-local-paths",
        "rev": "cb01ea260b6040bce672d410d06ba81025d50d84",
        "type": "github"
      },
      "original": {
        "owner": "pr0d1r2",
        "repo": "nix-lefthook-git-no-local-paths",
        "type": "github"
      }
    },
    "nix-lefthook-gitleaks-src": {
      "flake": false,
      "locked": {
        "lastModified": 1778738230,
        "narHash": "sha256-fb5j56jPmThl2E/z93y+O2TLn/zD1pBe594a3/YxnQE=",
        "owner": "pr0d1r2",
        "repo": "nix-lefthook-gitleaks",
        "rev": "20112db4a501f8a7118fe6680cfec99ffcdb0d80",
        "type": "github"
      },
      "original": {
        "owner": "pr0d1r2",
        "repo": "nix-lefthook-gitleaks",
        "type": "github"
      }
    },
    "nix-lefthook-gitleaks-src_2": {
      "flake": false,
      "locked": {
        "lastModified": 1778397819,
        "narHash": "sha256-/LiJ/qYQnKqqRfcJz4GDUMWVBDLbvOHkboJit/tW0ME=",
        "owner": "pr0d1r2",
        "repo": "nix-lefthook-gitleaks",
        "rev": "8fd79ff0dc6801025fe11cade3887798a11e2551",
        "type": "github"
      },
      "original": {
        "owner": "pr0d1r2",
        "repo": "nix-lefthook-gitleaks",
        "type": "github"
      }
    },
    "nix-lefthook-markdownlint-agentic-src": {
      "flake": false,
      "locked": {
        "lastModified": 1779722766,
        "narHash": "sha256-eaMmLRiJEj+uP8SvIU3xxIxMWCy7NsM/14zIepndgZk=",
        "owner": "pr0d1r2",
        "repo": "nix-lefthook-markdownlint-agentic",
        "rev": "c88a45566e2bacf6ddbafe13619a074b8a2d80c4",
        "type": "github"
      },
      "original": {
        "owner": "pr0d1r2",
        "repo": "nix-lefthook-markdownlint-agentic",
        "type": "github"
      }
    },
    "nix-lefthook-markdownlint-src": {
      "flake": false,
      "locked": {
        "lastModified": 1777737197,
        "narHash": "sha256-18G3lbvQl/I4w3Ueis7ZttLBe9SQdERmjs+z82SwQHw=",
        "owner": "pr0d1r2",
        "repo": "nix-lefthook-markdownlint",
        "rev": "16cbfe6a23215a49ed8ad56355a720795db3818a",
        "type": "github"
      },
      "original": {
        "owner": "pr0d1r2",
        "repo": "nix-lefthook-markdownlint",
        "type": "github"
      }
    },
    "nix-lefthook-missing-final-newline": {
      "inputs": {
        "nix-dev-shell-agentic": [
          "nix-dev-shell-agentic",
          "nix-cavekit",
          "nix-dev-shell-agentic-stub"
        ],
        "nix-lefthook-git-conflict-markers": [
          "nix-dev-shell-agentic",
          "nix-cavekit",
          "nix-lefthook-git-conflict-markers"
        ],
        "nix-lefthook-git-no-local-paths": [
          "nix-dev-shell-agentic",
          "nix-cavekit",
          "nix-lefthook-git-no-local-paths"
        ],
        "nix-lefthook-nix-no-embedded-shell": [
          "nix-dev-shell-agentic",
          "nix-cavekit",
          "nix-lefthook-nix-no-embedded-shell"
        ],
        "nix-lefthook-statix": [
          "nix-dev-shell-agentic",
          "nix-cavekit",
          "nix-lefthook-statix"
        ],
        "nix-lefthook-trailing-whitespace": [
          "nix-dev-shell-agentic",
          "nix-cavekit",
          "nix-lefthook-trailing-whitespace"
        ],
        "nixpkgs": [
          "nix-dev-shell-agentic",
          "nix-cavekit",
          "nixpkgs"
        ]
      },
      "locked": {
        "lastModified": 1777629082,
        "narHash": "sha256-kujrCg8oIJxyjF7zSzWrKd1XHnM5U/OLFUlWbJi8MV4=",
        "owner": "pr0d1r2",
        "repo": "nix-lefthook-missing-final-newline",
        "rev": "68ab47464e28876ad5fca8e1bf82867aac55b359",
        "type": "github"
      },
      "original": {
        "owner": "pr0d1r2",
        "repo": "nix-lefthook-missing-final-newline",
        "type": "github"
      }
    },
    "nix-lefthook-missing-final-newline-src": {
      "flake": false,
      "locked": {
        "lastModified": 1778738318,
        "narHash": "sha256-1+rIl1PJ1BMH30NVEgDc1cBnnE+kPmAX/hanrgKkDDs=",
        "owner": "pr0d1r2",
        "repo": "nix-lefthook-missing-final-newline",
        "rev": "60f76d1f6ca7a4d761109538e4355f8d91aae44b",
        "type": "github"
      },
      "original": {
        "owner": "pr0d1r2",
        "repo": "nix-lefthook-missing-final-newline",
        "type": "github"
      }
    },
    "nix-lefthook-missing-final-newline-src_2": {
      "flake": false,
      "locked": {
        "lastModified": 1777736972,
        "narHash": "sha256-rAmpwLtR0TmomUWnjnnakdr5cXASoWzrM9qf0WiRTL0=",
        "owner": "pr0d1r2",
        "repo": "nix-lefthook-missing-final-newline",
        "rev": "f008792fb4df611733399ffdbed8f7ee46cc74bd",
        "type": "github"
      },
      "original": {
        "owner": "pr0d1r2",
        "repo": "nix-lefthook-missing-final-newline",
        "type": "github"
      }
    },
    "nix-lefthook-missing-final-newline_2": {
      "inputs": {
        "nix-dev-shell-agentic": [
          "nix-dev-shell-agentic",
          "nix-cavemem",
          "nix-dev-shell-agentic-stub"
        ],
        "nix-lefthook-git-conflict-markers": [
          "nix-dev-shell-agentic",
          "nix-cavemem",
          "nix-lefthook-git-conflict-markers"
        ],
        "nix-lefthook-git-no-local-paths": [
          "nix-dev-shell-agentic",
          "nix-cavemem",
          "nix-lefthook-git-no-local-paths"
        ],
        "nix-lefthook-nix-no-embedded-shell": [
          "nix-dev-shell-agentic",
          "nix-cavemem",
          "nix-lefthook-nix-no-embedded-shell"
        ],
        "nix-lefthook-statix": [
          "nix-dev-shell-agentic",
          "nix-cavemem",
          "nix-lefthook-statix"
        ],
        "nix-lefthook-trailing-whitespace": [
          "nix-dev-shell-agentic",
          "nix-cavemem",
          "nix-lefthook-trailing-whitespace"
        ],
        "nixpkgs": [
          "nix-dev-shell-agentic",
          "nix-cavemem",
          "nixpkgs"
        ]
      },
      "locked": {
        "lastModified": 1777629082,
        "narHash": "sha256-kujrCg8oIJxyjF7zSzWrKd1XHnM5U/OLFUlWbJi8MV4=",
        "owner": "pr0d1r2",
        "repo": "nix-lefthook-missing-final-newline",
        "rev": "68ab47464e28876ad5fca8e1bf82867aac55b359",
        "type": "github"
      },
      "original": {
        "owner": "pr0d1r2",
        "repo": "nix-lefthook-missing-final-newline",
        "type": "github"
      }
    },
    "nix-lefthook-nix-no-embedded-shell": {
      "inputs": {
        "nix-dev-shell-agentic": [
          "nix-dev-shell-agentic",
          "nix-cavekit",
          "nix-dev-shell-agentic-stub"
        ],
        "nix-lefthook-git-conflict-markers": [
          "nix-dev-shell-agentic",
          "nix-cavekit",
          "nix-lefthook-git-conflict-markers"
        ],
        "nix-lefthook-git-no-local-paths": [
          "nix-dev-shell-agentic",
          "nix-cavekit",
          "nix-lefthook-git-no-local-paths"
        ],
        "nix-lefthook-missing-final-newline": [
          "nix-dev-shell-agentic",
          "nix-cavekit",
          "nix-lefthook-missing-final-newline"
        ],
        "nix-lefthook-statix": [
          "nix-dev-shell-agentic",
          "nix-cavekit",
          "nix-lefthook-statix"
        ],
        "nix-lefthook-trailing-whitespace": [
          "nix-dev-shell-agentic",
          "nix-cavekit",
          "nix-lefthook-trailing-whitespace"
        ],
        "nixpkgs": [
          "nix-dev-shell-agentic",
          "nix-cavekit",
          "nixpkgs"
        ]
      },
      "locked": {
        "lastModified": 1777629010,
        "narHash": "sha256-5yTdlz+QJZCFsNep8zXKQ/iI6ZKwPrej8OAfH76ehIQ=",
        "owner": "pr0d1r2",
        "repo": "nix-lefthook-nix-no-embedded-shell",
        "rev": "7c0998b141868fd6e3ad6b6f690507cef6da4a61",
        "type": "github"
      },
      "original": {
        "owner": "pr0d1r2",
        "repo": "nix-lefthook-nix-no-embedded-shell",
        "type": "github"
      }
    },
    "nix-lefthook-nix-no-embedded-shell-src": {
      "flake": false,
      "locked": {
        "lastModified": 1778736000,
        "narHash": "sha256-mnVZHsinG3BBf/CaeY3tU4UN5ftOfwW1EtxXRE+dvVo=",
        "owner": "pr0d1r2",
        "repo": "nix-lefthook-nix-no-embedded-shell",
        "rev": "7dde136f114e08a0d38e03264460a6918695de6e",
        "type": "github"
      },
      "original": {
        "owner": "pr0d1r2",
        "repo": "nix-lefthook-nix-no-embedded-shell",
        "type": "github"
      }
    },
    "nix-lefthook-nix-no-embedded-shell-src_2": {
      "flake": false,
      "locked": {
        "lastModified": 1777737092,
        "narHash": "sha256-yjLeYdy2uBJNrCCPExi2HbrPNg1VhPGcGyzeskJrN1w=",
        "owner": "pr0d1r2",
        "repo": "nix-lefthook-nix-no-embedded-shell",
        "rev": "65357d3bf1041de51260080e0a1eb11cba727654",
        "type": "github"
      },
      "original": {
        "owner": "pr0d1r2",
        "repo": "nix-lefthook-nix-no-embedded-shell",
        "type": "github"
      }
    },
    "nix-lefthook-nix-no-embedded-shell_2": {
      "inputs": {
        "nix-dev-shell-agentic": [
          "nix-dev-shell-agentic",
          "nix-cavemem",
          "nix-dev-shell-agentic-stub"
        ],
        "nix-lefthook-git-conflict-markers": [
          "nix-dev-shell-agentic",
          "nix-cavemem",
          "nix-lefthook-git-conflict-markers"
        ],
        "nix-lefthook-git-no-local-paths": [
          "nix-dev-shell-agentic",
          "nix-cavemem",
          "nix-lefthook-git-no-local-paths"
        ],
        "nix-lefthook-missing-final-newline": [
          "nix-dev-shell-agentic",
          "nix-cavemem",
          "nix-lefthook-missing-final-newline"
        ],
        "nix-lefthook-statix": [
          "nix-dev-shell-agentic",
          "nix-cavemem",
          "nix-lefthook-statix"
        ],
        "nix-lefthook-trailing-whitespace": [
          "nix-dev-shell-agentic",
          "nix-cavemem",
          "nix-lefthook-trailing-whitespace"
        ],
        "nixpkgs": [
          "nix-dev-shell-agentic",
          "nix-cavemem",
          "nixpkgs"
        ]
      },
      "locked": {
        "lastModified": 1777629010,
        "narHash": "sha256-5yTdlz+QJZCFsNep8zXKQ/iI6ZKwPrej8OAfH76ehIQ=",
        "owner": "pr0d1r2",
        "repo": "nix-lefthook-nix-no-embedded-shell",
        "rev": "7c0998b141868fd6e3ad6b6f690507cef6da4a61",
        "type": "github"
      },
      "original": {
        "owner": "pr0d1r2",
        "repo": "nix-lefthook-nix-no-embedded-shell",
        "type": "github"
      }
    },
    "nix-lefthook-nixfmt-src": {
      "flake": false,
      "locked": {
        "lastModified": 1778738734,
        "narHash": "sha256-D5ltMfGk+8ZKaVX3J0gg9QFjPHo61PNJRlOGYp2MmvU=",
        "owner": "pr0d1r2",
        "repo": "nix-lefthook-nixfmt",
        "rev": "62517819c2e5433938aa88c676fcdabda34f3d44",
        "type": "github"
      },
      "original": {
        "owner": "pr0d1r2",
        "repo": "nix-lefthook-nixfmt",
        "type": "github"
      }
    },
    "nix-lefthook-nixfmt-src_2": {
      "flake": false,
      "locked": {
        "lastModified": 1778318768,
        "narHash": "sha256-0L7APGuH2sUDibUOlzr0apDibrbvqgqBmFEw15T8XG8=",
        "owner": "pr0d1r2",
        "repo": "nix-lefthook-nixfmt",
        "rev": "d804cbd826614f172dfd7d165942a2e1f78c94de",
        "type": "github"
      },
      "original": {
        "owner": "pr0d1r2",
        "repo": "nix-lefthook-nixfmt",
        "type": "github"
      }
    },
    "nix-lefthook-shellcheck-src": {
      "flake": false,
      "locked": {
        "lastModified": 1778738786,
        "narHash": "sha256-Ysxh+OGdQNsHoDVbmN21xzIQVD7La9XPcgCtj59h0YI=",
        "owner": "pr0d1r2",
        "repo": "nix-lefthook-shellcheck",
        "rev": "6f388ae8656b8a7dc711b666b8d6d145477ee0f4",
        "type": "github"
      },
      "original": {
        "owner": "pr0d1r2",
        "repo": "nix-lefthook-shellcheck",
        "type": "github"
      }
    },
    "nix-lefthook-shellcheck-src_2": {
      "flake": false,
      "locked": {
        "lastModified": 1778318747,
        "narHash": "sha256-JtV7aPUG3RbjFr53mD5SPC7CG4/jxVm0tSIj/mxcOBw=",
        "owner": "pr0d1r2",
        "repo": "nix-lefthook-shellcheck",
        "rev": "5999533431db48064989eb1a41a8323df669ebdc",
        "type": "github"
      },
      "original": {
        "owner": "pr0d1r2",
        "repo": "nix-lefthook-shellcheck",
        "type": "github"
      }
    },
    "nix-lefthook-shfmt-src": {
      "flake": false,
      "locked": {
        "lastModified": 1778738820,
        "narHash": "sha256-Z7483LVcqNMdk4M7S7E2avjNM+eAF8tOvlt1gP3FzPA=",
        "owner": "pr0d1r2",
        "repo": "nix-lefthook-shfmt",
        "rev": "b713a38e7fd53f006b2bcc9bd21b23db2602791a",
        "type": "github"
      },
      "original": {
        "owner": "pr0d1r2",
        "repo": "nix-lefthook-shfmt",
        "type": "github"
      }
    },
    "nix-lefthook-shfmt-src_2": {
      "flake": false,
      "locked": {
        "lastModified": 1778318703,
        "narHash": "sha256-TYhRwer9OTbftqXSJ3rHELcbGineqqKHSKCCbawFTnc=",
        "owner": "pr0d1r2",
        "repo": "nix-lefthook-shfmt",
        "rev": "8cb85f3a2e363de60ea0c62ccc0c0039a96fde8b",
        "type": "github"
      },
      "original": {
        "owner": "pr0d1r2",
        "repo": "nix-lefthook-shfmt",
        "type": "github"
      }
    },
    "nix-lefthook-statix": {
      "inputs": {
        "nix-dev-shell-agentic": [
          "nix-dev-shell-agentic",
          "nix-cavekit",
          "nix-dev-shell-agentic-stub"
        ],
        "nix-lefthook-git-conflict-markers": [
          "nix-dev-shell-agentic",
          "nix-cavekit",
          "nix-lefthook-git-conflict-markers"
        ],
        "nix-lefthook-git-no-local-paths": [
          "nix-dev-shell-agentic",
          "nix-cavekit",
          "nix-lefthook-git-no-local-paths"
        ],
        "nix-lefthook-missing-final-newline": [
          "nix-dev-shell-agentic",
          "nix-cavekit",
          "nix-lefthook-missing-final-newline"
        ],
        "nix-lefthook-nix-no-embedded-shell": [
          "nix-dev-shell-agentic",
          "nix-cavekit",
          "nix-lefthook-nix-no-embedded-shell"
        ],
        "nix-lefthook-trailing-whitespace": [
          "nix-dev-shell-agentic",
          "nix-cavekit",
          "nix-lefthook-trailing-whitespace"
        ],
        "nixpkgs": [
          "nix-dev-shell-agentic",
          "nix-cavekit",
          "nixpkgs"
        ]
      },
      "locked": {
        "lastModified": 1777629213,
        "narHash": "sha256-NsAOFMZLWE+6N1J087B+/tJAdn2Vc4nfHlWfrHIPmWg=",
        "owner": "pr0d1r2",
        "repo": "nix-lefthook-statix",
        "rev": "891cb76ce49ab8805f705bac6683df7ef5bca118",
        "type": "github"
      },
      "original": {
        "owner": "pr0d1r2",
        "repo": "nix-lefthook-statix",
        "type": "github"
      }
    },
    "nix-lefthook-statix-src": {
      "flake": false,
      "locked": {
        "lastModified": 1778738802,
        "narHash": "sha256-lGdhijvVn5smFjYca7vU4fzXFpupNsdF7t82g5Gfl/g=",
        "owner": "pr0d1r2",
        "repo": "nix-lefthook-statix",
        "rev": "0094353d8aeffcf73c7e0ab37106005c9684cd28",
        "type": "github"
      },
      "original": {
        "owner": "pr0d1r2",
        "repo": "nix-lefthook-statix",
        "type": "github"
      }
    },
    "nix-lefthook-statix-src_2": {
      "flake": false,
      "locked": {
        "lastModified": 1777715476,
        "narHash": "sha256-nozvP0Vps4g8shkNemVK1nRMSmKE9WjcwyRWpY5Ssvc=",
        "owner": "pr0d1r2",
        "repo": "nix-lefthook-statix",
        "rev": "c4a1262644fa325f2c76b3e108685403651fdc65",
        "type": "github"
      },
      "original": {
        "owner": "pr0d1r2",
        "repo": "nix-lefthook-statix",
        "type": "github"
      }
    },
    "nix-lefthook-statix_2": {
      "inputs": {
        "nix-dev-shell-agentic": [
          "nix-dev-shell-agentic",
          "nix-cavemem",
          "nix-dev-shell-agentic-stub"
        ],
        "nix-lefthook-git-conflict-markers": [
          "nix-dev-shell-agentic",
          "nix-cavemem",
          "nix-lefthook-git-conflict-markers"
        ],
        "nix-lefthook-git-no-local-paths": [
          "nix-dev-shell-agentic",
          "nix-cavemem",
          "nix-lefthook-git-no-local-paths"
        ],
        "nix-lefthook-missing-final-newline": [
          "nix-dev-shell-agentic",
          "nix-cavemem",
          "nix-lefthook-missing-final-newline"
        ],
        "nix-lefthook-nix-no-embedded-shell": [
          "nix-dev-shell-agentic",
          "nix-cavemem",
          "nix-lefthook-nix-no-embedded-shell"
        ],
        "nix-lefthook-trailing-whitespace": [
          "nix-dev-shell-agentic",
          "nix-cavemem",
          "nix-lefthook-trailing-whitespace"
        ],
        "nixpkgs": [
          "nix-dev-shell-agentic",
          "nix-cavemem",
          "nixpkgs"
        ]
      },
      "locked": {
        "lastModified": 1777629213,
        "narHash": "sha256-NsAOFMZLWE+6N1J087B+/tJAdn2Vc4nfHlWfrHIPmWg=",
        "owner": "pr0d1r2",
        "repo": "nix-lefthook-statix",
        "rev": "891cb76ce49ab8805f705bac6683df7ef5bca118",
        "type": "github"
      },
      "original": {
        "owner": "pr0d1r2",
        "repo": "nix-lefthook-statix",
        "type": "github"
      }
    },
    "nix-lefthook-taplo-src": {
      "flake": false,
      "locked": {
        "lastModified": 1779722651,
        "narHash": "sha256-6vxxLTRuuamJ88Pm0uUnvf4M4XpSs3neINqANRFM5nA=",
        "owner": "pr0d1r2",
        "repo": "nix-lefthook-taplo",
        "rev": "4476048921b418ceef776734425cf2f760dee185",
        "type": "github"
      },
      "original": {
        "owner": "pr0d1r2",
        "repo": "nix-lefthook-taplo",
        "type": "github"
      }
    },
    "nix-lefthook-tdd-order-bats-src": {
      "flake": false,
      "locked": {
        "lastModified": 1778525640,
        "narHash": "sha256-OHjrvYXtsWUdE0R71aCQ/Vy9yNti47ICV7fs9dlpLg0=",
        "owner": "pr0d1r2",
        "repo": "nix-lefthook-tdd-order-bats",
        "rev": "c4977a075112d105c0c28135ef90612152ce2360",
        "type": "github"
      },
      "original": {
        "owner": "pr0d1r2",
        "repo": "nix-lefthook-tdd-order-bats",
        "type": "github"
      }
    },
    "nix-lefthook-trailing-whitespace": {
      "inputs": {
        "nix-dev-shell-agentic": [
          "nix-dev-shell-agentic",
          "nix-cavekit",
          "nix-dev-shell-agentic-stub"
        ],
        "nix-lefthook-git-conflict-markers": [
          "nix-dev-shell-agentic",
          "nix-cavekit",
          "nix-lefthook-git-conflict-markers"
        ],
        "nix-lefthook-git-no-local-paths": [
          "nix-dev-shell-agentic",
          "nix-cavekit",
          "nix-lefthook-git-no-local-paths"
        ],
        "nix-lefthook-missing-final-newline": [
          "nix-dev-shell-agentic",
          "nix-cavekit",
          "nix-lefthook-missing-final-newline"
        ],
        "nix-lefthook-nix-no-embedded-shell": [
          "nix-dev-shell-agentic",
          "nix-cavekit",
          "nix-lefthook-nix-no-embedded-shell"
        ],
        "nix-lefthook-statix": [
          "nix-dev-shell-agentic",
          "nix-cavekit",
          "nix-lefthook-statix"
        ],
        "nixpkgs": [
          "nix-dev-shell-agentic",
          "nix-cavekit",
          "nixpkgs"
        ]
      },
      "locked": {
        "lastModified": 1777629057,
        "narHash": "sha256-eAjxFlyWslU9G3NLHz8ckWS5Ln/tfSJPVbBYL4i5+LQ=",
        "owner": "pr0d1r2",
        "repo": "nix-lefthook-trailing-whitespace",
        "rev": "c3bf1d1e09f70308bc193fe554b1db676d2fa425",
        "type": "github"
      },
      "original": {
        "owner": "pr0d1r2",
        "repo": "nix-lefthook-trailing-whitespace",
        "type": "github"
      }
    },
    "nix-lefthook-trailing-whitespace-src": {
      "flake": false,
      "locked": {
        "lastModified": 1778817011,
        "narHash": "sha256-SfuAU99CFOJGIb/iRNproj0hqIPaRCpcDuE9wOwi2ks=",
        "owner": "pr0d1r2",
        "repo": "nix-lefthook-trailing-whitespace",
        "rev": "e01702e554298ebb01c3b61eb3d05fca0db7132d",
        "type": "github"
      },
      "original": {
        "owner": "pr0d1r2",
        "repo": "nix-lefthook-trailing-whitespace",
        "type": "github"
      }
    },
    "nix-lefthook-trailing-whitespace-src_2": {
      "flake": false,
      "locked": {
        "lastModified": 1777737124,
        "narHash": "sha256-noEPi2UiYqXypH72/Wd2E8FrjpckCO7dBSanrkgGgnM=",
        "owner": "pr0d1r2",
        "repo": "nix-lefthook-trailing-whitespace",
        "rev": "84381a72a7c2c0a4bb38cbb3f6aa41202ad4339a",
        "type": "github"
      },
      "original": {
        "owner": "pr0d1r2",
        "repo": "nix-lefthook-trailing-whitespace",
        "type": "github"
      }
    },
    "nix-lefthook-trailing-whitespace_2": {
      "inputs": {
        "nix-dev-shell-agentic": [
          "nix-dev-shell-agentic",
          "nix-cavemem",
          "nix-dev-shell-agentic-stub"
        ],
        "nix-lefthook-git-conflict-markers": [
          "nix-dev-shell-agentic",
          "nix-cavemem",
          "nix-lefthook-git-conflict-markers"
        ],
        "nix-lefthook-git-no-local-paths": [
          "nix-dev-shell-agentic",
          "nix-cavemem",
          "nix-lefthook-git-no-local-paths"
        ],
        "nix-lefthook-missing-final-newline": [
          "nix-dev-shell-agentic",
          "nix-cavemem",
          "nix-lefthook-missing-final-newline"
        ],
        "nix-lefthook-nix-no-embedded-shell": [
          "nix-dev-shell-agentic",
          "nix-cavemem",
          "nix-lefthook-nix-no-embedded-shell"
        ],
        "nix-lefthook-statix": [
          "nix-dev-shell-agentic",
          "nix-cavemem",
          "nix-lefthook-statix"
        ],
        "nixpkgs": [
          "nix-dev-shell-agentic",
          "nix-cavemem",
          "nixpkgs"
        ]
      },
      "locked": {
        "lastModified": 1777629057,
        "narHash": "sha256-eAjxFlyWslU9G3NLHz8ckWS5Ln/tfSJPVbBYL4i5+LQ=",
        "owner": "pr0d1r2",
        "repo": "nix-lefthook-trailing-whitespace",
        "rev": "c3bf1d1e09f70308bc193fe554b1db676d2fa425",
        "type": "github"
      },
      "original": {
        "owner": "pr0d1r2",
        "repo": "nix-lefthook-trailing-whitespace",
        "type": "github"
      }
    },
    "nix-lefthook-typos-src": {
      "flake": false,
      "locked": {
        "lastModified": 1778738875,
        "narHash": "sha256-3MsmL00nlgxcatJrhI/IHbeKYwMOI5oBRUFU8JCLfPY=",
        "owner": "pr0d1r2",
        "repo": "nix-lefthook-typos",
        "rev": "d5c2e67e9a36233c33adadea353cddc24d098682",
        "type": "github"
      },
      "original": {
        "owner": "pr0d1r2",
        "repo": "nix-lefthook-typos",
        "type": "github"
      }
    },
    "nix-lefthook-typos-src_2": {
      "flake": false,
      "locked": {
        "lastModified": 1778318165,
        "narHash": "sha256-JPeNk4iRmKW3ZS5UagILeam5U0t6QsU3X99Ecdfqseg=",
        "owner": "pr0d1r2",
        "repo": "nix-lefthook-typos",
        "rev": "91584647eadb04204355e8539481aad044c1a520",
        "type": "github"
      },
      "original": {
        "owner": "pr0d1r2",
        "repo": "nix-lefthook-typos",
        "type": "github"
      }
    },
    "nix-lefthook-unicode-lint-src": {
      "flake": false,
      "locked": {
        "lastModified": 1778396191,
        "narHash": "sha256-aWmcHVkfQhbheRlbGt+Nchlb5Lt2h1kUicXMSSKeYPc=",
        "owner": "pr0d1r2",
        "repo": "nix-lefthook-unicode-lint",
        "rev": "711af731937c6d0c1e00461058815db61d23c163",
        "type": "github"
      },
      "original": {
        "owner": "pr0d1r2",
        "repo": "nix-lefthook-unicode-lint",
        "type": "github"
      }
    },
    "nix-lefthook-yamllint-src": {
      "flake": false,
      "locked": {
        "lastModified": 1778738889,
        "narHash": "sha256-LulwSDwAqruo+ZtIuDRp0n8Q4MPx5aEsQ+VDXV1bsNw=",
        "owner": "pr0d1r2",
        "repo": "nix-lefthook-yamllint",
        "rev": "9101cd650f47da39650645a760ccef07f2b69353",
        "type": "github"
      },
      "original": {
        "owner": "pr0d1r2",
        "repo": "nix-lefthook-yamllint",
        "type": "github"
      }
    },
    "nix-lefthook-yamllint-src_2": {
      "flake": false,
      "locked": {
        "lastModified": 1778317592,
        "narHash": "sha256-LpnlRM2TjA6sggM/jY90QAk2QSDPcDjlfKETUXg/Dcw=",
        "owner": "pr0d1r2",
        "repo": "nix-lefthook-yamllint",
        "rev": "f05a860069c4d5e3b92c06cbd92dbe173244280a",
        "type": "github"
      },
      "original": {
        "owner": "pr0d1r2",
        "repo": "nix-lefthook-yamllint",
        "type": "github"
      }
    },
    "nixpkgs": {
      "locked": {
        "lastModified": 1780511130,
        "narHash": "sha256-2v9lT4ya59Lh1FqPeLnz1MoX9y/wz2huqfe9RtQZITk=",
        "owner": "NixOS",
        "repo": "nixpkgs",
        "rev": "535f3e6942cb1cead3929c604320d3db54b542b9",
        "type": "github"
      },
      "original": {
        "owner": "NixOS",
        "ref": "nixos-25.11",
        "repo": "nixpkgs",
        "type": "github"
      }
    },
    "root": {
      "inputs": {
        "nix-dev-shell-agentic": "nix-dev-shell-agentic",
        "nixpkgs": "nixpkgs"
      }
    },
    "rtk-src": {
      "flake": false,
      "locked": {
        "lastModified": 1777488499,
        "narHash": "sha256-eINYlatbjpsqe46LNZIXvIrZEBf+QC3+2EjY7Ei7VZI=",
        "owner": "rtk-ai",
        "repo": "rtk",
        "rev": "4338f029ec43b69eb959748ec02cd7885200c264",
        "type": "github"
      },
      "original": {
        "owner": "rtk-ai",
        "ref": "v0.38.0",
        "repo": "rtk",
        "type": "github"
      }
    }
  },
  "root": "root",
  "version": 7
}
